<?xml version="1.0" encoding="utf-8"?>
<Project ToolsVersion="4.0" xmlns="http://schemas.microsoft.com/developer/msbuild/2003">
  <ItemGroup>
    <Filter Include="source">
      <UniqueIdentifier>{fcd88a81-5385-4745-8697-27043bcb79db}</UniqueIdentifier>
      <Extensions>cpp;c;cxx;def;odl;idl;hpj;bat;asm</Extensions>
    </Filter>
    <Filter Include="include">
      <UniqueIdentifier>{9da68b01-7a37-415a-8601-7bbfec8dca18}</UniqueIdentifier>
      <Extensions>h;hpp;hxx;hm;inl;inc</Extensions>
    </Filter>
    <Filter Include="resource">
      <UniqueIdentifier>{d1993741-b9f2-4f57-ad44-8c9bcad2164f}</UniqueIdentifier>
      <Extensions>rc;ico;cur;bmp;dlg;rc2;rct;bin;rgs;jpg;jpeg;jpe;png;manifest</Extensions>
    </Filter>
  </ItemGroup>
  <ItemGroup>
    <None Include="res\Light Run.ico">
      <Filter>resource</Filter>
    </None>
    <None Include="..\Resources\CloseSelected.png">
      <Filter>resource</Filter>
    </None>
    <None Include="..\Resources\CloseNormal.png">
      <Filter>resource</Filter>
    </None>
    <None Include="..\Resources\HelloWorld.png">
      <Filter>resource</Filter>
    </None>
    <None Include="..\Resources\fps_images.png">
      <Filter>resource</Filter>
    </None>
    <None Include="..\Resources\fps_images-hd.png">
      <Filter>resource</Filter>
    </None>
    <None Include="..\Resources\fps_images-ipadhd.png">
      <Filter>resource</Filter>
    </None>
    <None Include="..\Resources\runner.plist">
      <Filter>resource</Filter>
    </None>
    <None Include="..\Resources\runner.png">
      <Filter>resource</Filter>
    </None>
    <None Include="..\..\..\Box2D_Collision_Test_cocos_ver_0.9.1\Box2D Collision Test\win32\HelloWorld.win32.vcxproj" />
  </ItemGroup>
  <ItemGroup>
    <ResourceCompile Include="Light Run.rc">
      <Filter>resource</Filter>
    </ResourceCompile>
  </ItemGroup>
  <ItemGroup>
    <ClInclude Include="resource.h">
      <Filter>include</Filter>
    </ClInclude>
    <ClInclude Include="main.h">
      <Filter>include</Filter>
    </ClInclude>
    <ClInclude Include="..\Classes\Light.h">
      <Filter>source</Filter>
    </ClInclude>
    <ClInclude Include="..\Classes\Player.h">
      <Filter>source</Filter>
    </ClInclude>
    <ClInclude Include="..\Classes\TrailedCCSprite.h">
      <Filter>source</Filter>
    </ClInclude>
    <ClInclude Include="..\Classes\GameObject.h">
      <Filter>source</Filter>
    </ClInclude>
    <ClInclude Include="..\Classes\AppDelegate.h">
      <Filter>source</Filter>
    </ClInclude>
    <ClInclude Include="..\Classes\GameScene.h">
      <Filter>source</Filter>
    </ClInclude>
    <ClInclude Include="b2debugDraw.h">
      <Filter>include</Filter>
    </ClInclude>
  </ItemGroup>
  <ItemGroup>
    <ClCompile Include="main.cpp">
      <Filter>source</Filter>
    </ClCompile>
    <ClCompile Include="..\Classes\AppDelegate.cpp">
      <Filter>source</Filter>
    </ClCompile>
    <ClCompile Include="..\Classes\Light.cpp">
      <Filter>source</Filter>
    </ClCompile>
    <ClCompile Include="..\Classes\Player.cpp">
      <Filter>source</Filter>
    </ClCompile>
    <ClCompile Include="..\Classes\TrailedCCSprite.cpp">
      <Filter>source</Filter>
    </ClCompile>
    <ClCompile Include="..\Classes\GameObject.cpp">
      <Filter>source</Filter>
    </ClCompile>
    <ClCompile Include="..\Classes\GameScene.cpp">
      <Filter>source</Filter>
    </ClCompile>
    <ClCompile Include="b2debugDraw.cpp">
      <Filter>source</Filter>
    </ClCompile>
  </ItemGroup>
</Project>